// !$*UTF8*$!
{
	archiveVersion = 1;
	classes = {
	};
	objectVersion = 50;
	objects = {

/* Begin PBXBuildFile section */
		200EEC32226F87C800E89A89 /* EventViewController.swift in Sources */ = {isa = PBXBuildFile; fileRef = 200EEC31226F87C800E89A89 /* EventViewController.swift */; };
		209A54DB2268D941009A5BF5 /* AppDelegate.swift in Sources */ = {isa = PBXBuildFile; fileRef = 209A54DA2268D941009A5BF5 /* AppDelegate.swift */; };
		209A54DD2268D941009A5BF5 /* ViewController.swift in Sources */ = {isa = PBXBuildFile; fileRef = 209A54DC2268D941009A5BF5 /* ViewController.swift */; };
		209A54E02268D941009A5BF5 /* Main.storyboard in Resources */ = {isa = PBXBuildFile; fileRef = 209A54DE2268D941009A5BF5 /* Main.storyboard */; };
		209A54E22268D943009A5BF5 /* Assets.xcassets in Resources */ = {isa = PBXBuildFile; fileRef = 209A54E12268D943009A5BF5 /* Assets.xcassets */; };
		209A54E52268D943009A5BF5 /* LaunchScreen.storyboard in Resources */ = {isa = PBXBuildFile; fileRef = 209A54E32268D943009A5BF5 /* LaunchScreen.storyboard */; };
		209A54F02268D943009A5BF5 /* GroupProjectTests.swift in Sources */ = {isa = PBXBuildFile; fileRef = 209A54EF2268D943009A5BF5 /* GroupProjectTests.swift */; };
		209A54FB2268D943009A5BF5 /* GroupProjectUITests.swift in Sources */ = {isa = PBXBuildFile; fileRef = 209A54FA2268D943009A5BF5 /* GroupProjectUITests.swift */; };
		209A55092268E6B3009A5BF5 /* CalanderViewController.swift in Sources */ = {isa = PBXBuildFile; fileRef = 209A55082268E6B3009A5BF5 /* CalanderViewController.swift */; };
		690182E52288D2400009E3D9 /* CustomView.swift in Sources */ = {isa = PBXBuildFile; fileRef = 690182E42288D2400009E3D9 /* CustomView.swift */; };
		690182E72288D25D0009E3D9 /* CustomButton.swift in Sources */ = {isa = PBXBuildFile; fileRef = 690182E62288D25D0009E3D9 /* CustomButton.swift */; };
		69082A6122820A1B00123078 /* TimerViewController.swift in Sources */ = {isa = PBXBuildFile; fileRef = 69082A6022820A1B00123078 /* TimerViewController.swift */; };
/* End PBXBuildFile section */

/* Begin PBXContainerItemProxy section */
		209A54EC2268D943009A5BF5 /* PBXContainerItemProxy */ = {
			isa = PBXContainerItemProxy;
			containerPortal = 209A54CF2268D941009A5BF5 /* Project object */;
			proxyType = 1;
			remoteGlobalIDString = 209A54D62268D941009A5BF5;
			remoteInfo = GroupProject;
		};
		209A54F72268D943009A5BF5 /* PBXContainerItemProxy */ = {
			isa = PBXContainerItemProxy;
			containerPortal = 209A54CF2268D941009A5BF5 /* Project object */;
			proxyType = 1;
			remoteGlobalIDString = 209A54D62268D941009A5BF5;
			remoteInfo = GroupProject;
		};
/* End PBXContainerItemProxy section */

/* Begin PBXFileReference section */
		200EEC31226F87C800E89A89 /* EventViewController.swift */ = {isa = PBXFileReference; lastKnownFileType = sourcecode.swift; path = EventViewController.swift; sourceTree = "<group>"; };
		209A54D72268D941009A5BF5 /* GroupProject.app */ = {isa = PBXFileReference; explicitFileType = wrapper.application; includeInIndex = 0; path = GroupProject.app; sourceTree = BUILT_PRODUCTS_DIR; };
		209A54DA2268D941009A5BF5 /* AppDelegate.swift */ = {isa = PBXFileReference; lastKnownFileType = sourcecode.swift; path = AppDelegate.swift; sourceTree = "<group>"; };
		209A54DC2268D941009A5BF5 /* ViewController.swift */ = {isa = PBXFileReference; lastKnownFileType = sourcecode.swift; path = ViewController.swift; sourceTree = "<group>"; };
		209A54DF2268D941009A5BF5 /* Base */ = {isa = PBXFileReference; lastKnownFileType = file.storyboard; name = Base; path = Base.lproj/Main.storyboard; sourceTree = "<group>"; };
		209A54E12268D943009A5BF5 /* Assets.xcassets */ = {isa = PBXFileReference; lastKnownFileType = folder.assetcatalog; path = Assets.xcassets; sourceTree = "<group>"; };
		209A54E42268D943009A5BF5 /* Base */ = {isa = PBXFileReference; lastKnownFileType = file.storyboard; name = Base; path = Base.lproj/LaunchScreen.storyboard; sourceTree = "<group>"; };
		209A54E62268D943009A5BF5 /* Info.plist */ = {isa = PBXFileReference; lastKnownFileType = text.plist.xml; path = Info.plist; sourceTree = "<group>"; };
		209A54EB2268D943009A5BF5 /* GroupProjectTests.xctest */ = {isa = PBXFileReference; explicitFileType = wrapper.cfbundle; includeInIndex = 0; path = GroupProjectTests.xctest; sourceTree = BUILT_PRODUCTS_DIR; };
		209A54EF2268D943009A5BF5 /* GroupProjectTests.swift */ = {isa = PBXFileReference; lastKnownFileType = sourcecode.swift; path = GroupProjectTests.swift; sourceTree = "<group>"; };
		209A54F12268D943009A5BF5 /* Info.plist */ = {isa = PBXFileReference; lastKnownFileType = text.plist.xml; path = Info.plist; sourceTree = "<group>"; };
		209A54F62268D943009A5BF5 /* GroupProjectUITests.xctest */ = {isa = PBXFileReference; explicitFileType = wrapper.cfbundle; includeInIndex = 0; path = GroupProjectUITests.xctest; sourceTree = BUILT_PRODUCTS_DIR; };
		209A54FA2268D943009A5BF5 /* GroupProjectUITests.swift */ = {isa = PBXFileReference; lastKnownFileType = sourcecode.swift; path = GroupProjectUITests.swift; sourceTree = "<group>"; };
		209A54FC2268D943009A5BF5 /* Info.plist */ = {isa = PBXFileReference; lastKnownFileType = text.plist.xml; path = Info.plist; sourceTree = "<group>"; };
		209A55082268E6B3009A5BF5 /* CalanderViewController.swift */ = {isa = PBXFileReference; lastKnownFileType = sourcecode.swift; path = CalanderViewController.swift; sourceTree = "<group>"; };
		690182E42288D2400009E3D9 /* CustomView.swift */ = {isa = PBXFileReference; lastKnownFileType = sourcecode.swift; path = CustomView.swift; sourceTree = "<group>"; };
		690182E62288D25D0009E3D9 /* CustomButton.swift */ = {isa = PBXFileReference; lastKnownFileType = sourcecode.swift; path = CustomButton.swift; sourceTree = "<group>"; };
		69082A6022820A1B00123078 /* TimerViewController.swift */ = {isa = PBXFileReference; lastKnownFileType = sourcecode.swift; path = TimerViewController.swift; sourceTree = "<group>"; };
/* End PBXFileReference section */

/* Begin PBXFrameworksBuildPhase section */
		209A54D42268D941009A5BF5 /* Frameworks */ = {
			isa = PBXFrameworksBuildPhase;
			buildActionMask = 2147483647;
			files = (
			);
			runOnlyForDeploymentPostprocessing = 0;
		};
		209A54E82268D943009A5BF5 /* Frameworks */ = {
			isa = PBXFrameworksBuildPhase;
			buildActionMask = 2147483647;
			files = (
			);
			runOnlyForDeploymentPostprocessing = 0;
		};
		209A54F32268D943009A5BF5 /* Frameworks */ = {
			isa = PBXFrameworksBuildPhase;
			buildActionMask = 2147483647;
			files = (
			);
			runOnlyForDeploymentPostprocessing = 0;
		};
/* End PBXFrameworksBuildPhase section */

/* Begin PBXGroup section */
		209A54CE2268D941009A5BF5 = {
			isa = PBXGroup;
			children = (
				209A54D92268D941009A5BF5 /* GroupProject */,
				209A54EE2268D943009A5BF5 /* GroupProjectTests */,
				209A54F92268D943009A5BF5 /* GroupProjectUITests */,
				209A54D82268D941009A5BF5 /* Products */,
			);
			sourceTree = "<group>";
		};
		209A54D82268D941009A5BF5 /* Products */ = {
			isa = PBXGroup;
			children = (
				209A54D72268D941009A5BF5 /* GroupProject.app */,
				209A54EB2268D943009A5BF5 /* GroupProjectTests.xctest */,
				209A54F62268D943009A5BF5 /* GroupProjectUITests.xctest */,
			);
			name = Products;
			sourceTree = "<group>";
		};
		209A54D92268D941009A5BF5 /* GroupProject */ = {
			isa = PBXGroup;
			children = (
				209A54DA2268D941009A5BF5 /* AppDelegate.swift */,
				209A55082268E6B3009A5BF5 /* CalanderViewController.swift */,
				209A54DC2268D941009A5BF5 /* ViewController.swift */,
				209A54DE2268D941009A5BF5 /* Main.storyboard */,
				69082A6022820A1B00123078 /* TimerViewController.swift */,
				690182E42288D2400009E3D9 /* CustomView.swift */,
				690182E62288D25D0009E3D9 /* CustomButton.swift */,
				200EEC31226F87C800E89A89 /* EventViewController.swift */,
				209A54E12268D943009A5BF5 /* Assets.xcassets */,
				209A54E32268D943009A5BF5 /* LaunchScreen.storyboard */,
				209A54E62268D943009A5BF5 /* Info.plist */,
			);
			path = GroupProject;
			sourceTree = "<group>";
		};
		209A54EE2268D943009A5BF5 /* GroupProjectTests */ = {
			isa = PBXGroup;
			children = (
				209A54EF2268D943009A5BF5 /* GroupProjectTests.swift */,
				209A54F12268D943009A5BF5 /* Info.plist */,
			);
			path = GroupProjectTests;
			sourceTree = "<group>";
		};
		209A54F92268D943009A5BF5 /* GroupProjectUITests */ = {
			isa = PBXGroup;
			children = (
				209A54FA2268D943009A5BF5 /* GroupProjectUITests.swift */,
				209A54FC2268D943009A5BF5 /* Info.plist */,
			);
			path = GroupProjectUITests;
			sourceTree = "<group>";
		};
/* End PBXGroup section */

/* Begin PBXNativeTarget section */
		209A54D62268D941009A5BF5 /* GroupProject */ = {
			isa = PBXNativeTarget;
			buildConfigurationList = 209A54FF2268D943009A5BF5 /* Build configuration list for PBXNativeTarget "GroupProject" */;
			buildPhases = (
				209A54D32268D941009A5BF5 /* Sources */,
				209A54D42268D941009A5BF5 /* Frameworks */,
				209A54D52268D941009A5BF5 /* Resources */,
			);
			buildRules = (
			);
			dependencies = (
			);
			name = GroupProject;
			productName = GroupProject;
			productReference = 209A54D72268D941009A5BF5 /* GroupProject.app */;
			productType = "com.apple.product-type.application";
		};
		209A54EA2268D943009A5BF5 /* GroupProjectTests */ = {
			isa = PBXNativeTarget;
			buildConfigurationList = 209A55022268D943009A5BF5 /* Build configuration list for PBXNativeTarget "GroupProjectTests" */;
			buildPhases = (
				209A54E72268D943009A5BF5 /* Sources */,
				209A54E82268D943009A5BF5 /* Frameworks */,
				209A54E92268D943009A5BF5 /* Resources */,
			);
			buildRules = (
			);
			dependencies = (
				209A54ED2268D943009A5BF5 /* PBXTargetDependency */,
			);
			name = GroupProjectTests;
			productName = GroupProjectTests;
			productReference = 209A54EB2268D943009A5BF5 /* GroupProjectTests.xctest */;
			productType = "com.apple.product-type.bundle.unit-test";
		};
		209A54F52268D943009A5BF5 /* GroupProjectUITests */ = {
			isa = PBXNativeTarget;
			buildConfigurationList = 209A55052268D943009A5BF5 /* Build configuration list for PBXNativeTarget "GroupProjectUITests" */;
			buildPhases = (
				209A54F22268D943009A5BF5 /* Sources */,
				209A54F32268D943009A5BF5 /* Frameworks */,
				209A54F42268D943009A5BF5 /* Resources */,
			);
			buildRules = (
			);
			dependencies = (
				209A54F82268D943009A5BF5 /* PBXTargetDependency */,
			);
			name = GroupProjectUITests;
			productName = GroupProjectUITests;
			productReference = 209A54F62268D943009A5BF5 /* GroupProjectUITests.xctest */;
			productType = "com.apple.product-type.bundle.ui-testing";
		};
/* End PBXNativeTarget section */

/* Begin PBXProject section */
		209A54CF2268D941009A5BF5 /* Project object */ = {
			isa = PBXProject;
			attributes = {
				LastSwiftUpdateCheck = 1020;
				LastUpgradeCheck = 1020;
				ORGANIZATIONNAME = "Jonathan Kevin Rosales";
				TargetAttributes = {
					209A54D62268D941009A5BF5 = {
						CreatedOnToolsVersion = 10.2;
					};
					209A54EA2268D943009A5BF5 = {
						CreatedOnToolsVersion = 10.2;
						TestTargetID = 209A54D62268D941009A5BF5;
					};
					209A54F52268D943009A5BF5 = {
						CreatedOnToolsVersion = 10.2;
						TestTargetID = 209A54D62268D941009A5BF5;
					};
				};
			};
			buildConfigurationList = 209A54D22268D941009A5BF5 /* Build configuration list for PBXProject "GroupProject" */;
			compatibilityVersion = "Xcode 9.3";
			developmentRegion = en;
			hasScannedForEncodings = 0;
			knownRegions = (
				en,
				Base,
			);
			mainGroup = 209A54CE2268D941009A5BF5;
			productRefGroup = 209A54D82268D941009A5BF5 /* Products */;
			projectDirPath = "";
			projectRoot = "";
			targets = (
				209A54D62268D941009A5BF5 /* GroupProject */,
				209A54EA2268D943009A5BF5 /* GroupProjectTests */,
				209A54F52268D943009A5BF5 /* GroupProjectUITests */,
			);
		};
/* End PBXProject section */

/* Begin PBXResourcesBuildPhase section */
		209A54D52268D941009A5BF5 /* Resources */ = {
			isa = PBXResourcesBuildPhase;
			buildActionMask = 2147483647;
			files = (
				209A54E52268D943009A5BF5 /* LaunchScreen.storyboard in Resources */,
				209A54E22268D943009A5BF5 /* Assets.xcassets in Resources */,
				209A54E02268D941009A5BF5 /* Main.storyboard in Resources */,
			);
			runOnlyForDeploymentPostprocessing = 0;
		};
		209A54E92268D943009A5BF5 /* Resources */ = {
			isa = PBXResourcesBuildPhase;
			buildActionMask = 2147483647;
			files = (
			);
			runOnlyForDeploymentPostprocessing = 0;
		};
		209A54F42268D943009A5BF5 /* Resources */ = {
			isa = PBXResourcesBuildPhase;
			buildActionMask = 2147483647;
			files = (
			);
			runOnlyForDeploymentPostprocessing = 0;
		};
/* End PBXResourcesBuildPhase section */

/* Begin PBXSourcesBuildPhase section */
		209A54D32268D941009A5BF5 /* Sources */ = {
			isa = PBXSourcesBuildPhase;
			buildActionMask = 2147483647;
			files = (
				209A55092268E6B3009A5BF5 /* CalanderViewController.swift in Sources */,
				69082A6122820A1B00123078 /* TimerViewController.swift in Sources */,
				200EEC32226F87C800E89A89 /* EventViewController.swift in Sources */,
				690182E52288D2400009E3D9 /* CustomView.swift in Sources */,
				209A54DD2268D941009A5BF5 /* ViewController.swift in Sources */,
				209A54DB2268D941009A5BF5 /* AppDelegate.swift in Sources */,
				690182E72288D25D0009E3D9 /* CustomButton.swift in Sources */,
			);
			runOnlyForDeploymentPostprocessing = 0;
		};
		209A54E72268D943009A5BF5 /* Sources */ = {
			isa = PBXSourcesBuildPhase;
			buildActionMask = 2147483647;
			files = (
				209A54F02268D943009A5BF5 /* GroupProjectTests.swift in Sources */,
			);
			runOnlyForDeploymentPostprocessing = 0;
		};
		209A54F22268D943009A5BF5 /* Sources */ = {
			isa = PBXSourcesBuildPhase;
			buildActionMask = 2147483647;
			files = (
				209A54FB2268D943009A5BF5 /* GroupProjectUITests.swift in Sources */,
			);
			runOnlyForDeploymentPostprocessing = 0;
		};
/* End PBXSourcesBuildPhase section */

/* Begin PBXTargetDependency section */
		209A54ED2268D943009A5BF5 /* PBXTargetDependency */ = {
			isa = PBXTargetDependency;
			target = 209A54D62268D941009A5BF5 /* GroupProject */;
			targetProxy = 209A54EC2268D943009A5BF5 /* PBXContainerItemProxy */;
		};
		209A54F82268D943009A5BF5 /* PBXTargetDependency */ = {
			isa = PBXTargetDependency;
			target = 209A54D62268D941009A5BF5 /* GroupProject */;
			targetProxy = 209A54F72268D943009A5BF5 /* PBXContainerItemProxy */;
		};
/* End PBXTargetDependency section */

/* Begin PBXVariantGroup section */
		209A54DE2268D941009A5BF5 /* Main.storyboard */ = {
			isa = PBXVariantGroup;
			children = (
				209A54DF2268D941009A5BF5 /* Base */,
			);
			name = Main.storyboard;
			sourceTree = "<group>";
		};
		209A54E32268D943009A5BF5 /* LaunchScreen.storyboard */ = {
			isa = PBXVariantGroup;
			children = (
				209A54E42268D943009A5BF5 /* Base */,
			);
			name = LaunchScreen.storyboard;
			sourceTree = "<group>";
		};
/* End PBXVariantGroup section */

/* Begin XCBuildConfiguration section */
		209A54FD2268D943009A5BF5 /* Debug */ = {
			isa = XCBuildConfiguration;
			buildSettings = {
				ALWAYS_SEARCH_USER_PATHS = NO;
				CLANG_ANALYZER_NONNULL = YES;
				CLANG_ANALYZER_NUMBER_OBJECT_CONVERSION = YES_AGGRESSIVE;
				CLANG_CXX_LANGUAGE_STANDARD = "gnu++14";
				CLANG_CXX_LIBRARY = "libc++";
				CLANG_ENABLE_MODULES = YES;
				CLANG_ENABLE_OBJC_ARC = YES;
				CLANG_ENABLE_OBJC_WEAK = YES;
				CLANG_WARN_BLOCK_CAPTURE_AUTORELEASING = YES;
				CLANG_WARN_BOOL_CONVERSION = YES;
				CLANG_WARN_COMMA = YES;
				CLANG_WARN_CONSTANT_CONVERSION = YES;
				CLANG_WARN_DEPRECATED_OBJC_IMPLEMENTATIONS = YES;
				CLANG_WARN_DIRECT_OBJC_ISA_USAGE = YES_ERROR;
				CLANG_WARN_DOCUMENTATION_COMMENTS = YES;
				CLANG_WARN_EMPTY_BODY = YES;
				CLANG_WARN_ENUM_CONVERSION = YES;
				CLANG_WARN_INFINITE_RECURSION = YES;
				CLANG_WARN_INT_CONVERSION = YES;
				CLANG_WARN_NON_LITERAL_NULL_CONVERSION = YES;
				CLANG_WARN_OBJC_IMPLICIT_RETAIN_SELF = YES;
				CLANG_WARN_OBJC_LITERAL_CONVERSION = YES;
				CLANG_WARN_OBJC_ROOT_CLASS = YES_ERROR;
				CLANG_WARN_RANGE_LOOP_ANALYSIS = YES;
				CLANG_WARN_STRICT_PROTOTYPES = YES;
				CLANG_WARN_SUSPICIOUS_MOVE = YES;
				CLANG_WARN_UNGUARDED_AVAILABILITY = YES_AGGRESSIVE;
				CLANG_WARN_UNREACHABLE_CODE = YES;
				CLANG_WARN__DUPLICATE_METHOD_MATCH = YES;
				CODE_SIGN_IDENTITY = "iPhone Developer";
				COPY_PHASE_STRIP = NO;
				DEBUG_INFORMATION_FORMAT = dwarf;
				ENABLE_STRICT_OBJC_MSGSEND = YES;
				ENABLE_TESTABILITY = YES;
				GCC_C_LANGUAGE_STANDARD = gnu11;
				GCC_DYNAMIC_NO_PIC = NO;
				GCC_NO_COMMON_BLOCKS = YES;
				GCC_OPTIMIZATION_LEVEL = 0;
				GCC_PREPROCESSOR_DEFINITIONS = (
					"DEBUG=1",
					"$(inherited)",
				);
				GCC_WARN_64_TO_32_BIT_CONVERSION = YES;
				GCC_WARN_ABOUT_RETURN_TYPE = YES_ERROR;
				GCC_WARN_UNDECLARED_SELECTOR = YES;
				GCC_WARN_UNINITIALIZED_AUTOS = YES_AGGRESSIVE;
				GCC_WARN_UNUSED_FUNCTION = YES;
				GCC_WARN_UNUSED_VARIABLE = YES;
				IPHONEOS_DEPLOYMENT_TARGET = 12.2;
				MTL_ENABLE_DEBUG_INFO = INCLUDE_SOURCE;
				MTL_FAST_MATH = YES;
				ONLY_ACTIVE_ARCH = YES;
				SDKROOT = iphoneos;
				SWIFT_ACTIVE_COMPILATION_CONDITIONS = DEBUG;
				SWIFT_OPTIMIZATION_LEVEL = "-Onone";
			};
			name = Debug;
		};
		209A54FE2268D943009A5BF5 /* Release */ = {
			isa = XCBuildConfiguration;
			buildSettings = {
				ALWAYS_SEARCH_USER_PATHS = NO;
				CLANG_ANALYZER_NONNULL = YES;
				CLANG_ANALYZER_NUMBER_OBJECT_CONVERSION = YES_AGGRESSIVE;
				CLANG_CXX_LANGUAGE_STANDARD = "gnu++14";
				CLANG_CXX_LIBRARY = "libc++";
				CLANG_ENABLE_MODULES = YES;
				CLANG_ENABLE_OBJC_ARC = YES;
				CLANG_ENABLE_OBJC_WEAK = YES;
				CLANG_WARN_BLOCK_CAPTURE_AUTORELEASING = YES;
				CLANG_WARN_BOOL_CONVERSION = YES;
				CLANG_WARN_COMMA = YES;
				CLANG_WARN_CONSTANT_CONVERSION = YES;
				CLANG_WARN_DEPRECATED_OBJC_IMPLEMENTATIONS = YES;
				CLANG_WARN_DIRECT_OBJC_ISA_USAGE = YES_ERROR;
				CLANG_WARN_DOCUMENTATION_COMMENTS = YES;
				CLANG_WARN_EMPTY_BODY = YES;
				CLANG_WARN_ENUM_CONVERSION = YES;
				CLANG_WARN_INFINITE_RECURSION = YES;
				CLANG_WARN_INT_CONVERSION = YES;
				CLANG_WARN_NON_LITERAL_NULL_CONVERSION = YES;
				CLANG_WARN_OBJC_IMPLICIT_RETAIN_SELF = YES;
				CLANG_WARN_OBJC_LITERAL_CONVERSION = YES;
				CLANG_WARN_OBJC_ROOT_CLASS = YES_ERROR;
				CLANG_WARN_RANGE_LOOP_ANALYSIS = YES;
				CLANG_WARN_STRICT_PROTOTYPES = YES;
				CLANG_WARN_SUSPICIOUS_MOVE = YES;
				CLANG_WARN_UNGUARDED_AVAILABILITY = YES_AGGRESSIVE;
				CLANG_WARN_UNREACHABLE_CODE = YES;
				CLANG_WARN__DUPLICATE_METHOD_MATCH = YES;
				CODE_SIGN_IDENTITY = "iPhone Developer";
				COPY_PHASE_STRIP = NO;
				DEBUG_INFORMATION_FORMAT = "dwarf-with-dsym";
				ENABLE_NS_ASSERTIONS = NO;
				ENABLE_STRICT_OBJC_MSGSEND = YES;
				GCC_C_LANGUAGE_STANDARD = gnu11;
				GCC_NO_COMMON_BLOCKS = YES;
				GCC_WARN_64_TO_32_BIT_CONVERSION = YES;
				GCC_WARN_ABOUT_RETURN_TYPE = YES_ERROR;
				GCC_WARN_UNDECLARED_SELECTOR = YES;
				GCC_WARN_UNINITIALIZED_AUTOS = YES_AGGRESSIVE;
				GCC_WARN_UNUSED_FUNCTION = YES;
				GCC_WARN_UNUSED_VARIABLE = YES;
				IPHONEOS_DEPLOYMENT_TARGET = 12.2;
				MTL_ENABLE_DEBUG_INFO = NO;
				MTL_FAST_MATH = YES;
				SDKROOT = iphoneos;
				SWIFT_COMPILATION_MODE = wholemodule;
				SWIFT_OPTIMIZATION_LEVEL = "-O";
				VALIDATE_PRODUCT = YES;
			};
			name = Release;
		};
		209A55002268D943009A5BF5 /* Debug */ = {
			isa = XCBuildConfiguration;
			buildSettings = {
				ASSETCATALOG_COMPILER_APPICON_NAME = AppIcon;
				CODE_SIGN_STYLE = Automatic;
				DEVELOPMENT_TEAM = 5M33VAPHSV;
				INFOPLIST_FILE = GroupProject/Info.plist;
				LD_RUNPATH_SEARCH_PATHS = (
					"$(inherited)",
					"@executable_path/Frameworks",
				);
				PRODUCT_BUNDLE_IDENTIFIER = CMSC436.GroupProjectTEST;
				PRODUCT_NAME = "$(TARGET_NAME)";
				SWIFT_VERSION = 5.0;
				TARGETED_DEVICE_FAMILY = "1,2";
			};
			name = Debug;
		};
		209A55012268D943009A5BF5 /* Release */ = {
			isa = XCBuildConfiguration;
			buildSettings = {
				ASSETCATALOG_COMPILER_APPICON_NAME = AppIcon;
				CODE_SIGN_STYLE = Automatic;
				DEVELOPMENT_TEAM = 5M33VAPHSV;
				INFOPLIST_FILE = GroupProject/Info.plist;
				LD_RUNPATH_SEARCH_PATHS = (
					"$(inherited)",
					"@executable_path/Frameworks",
				);
				PRODUCT_BUNDLE_IDENTIFIER = CMSC436.GroupProjectTEST;
				PRODUCT_NAME = "$(TARGET_NAME)";
				SWIFT_VERSION = 5.0;
				TARGETED_DEVICE_FAMILY = "1,2";
			};
			name = Release;
		};
		209A55032268D943009A5BF5 /* Debug */ = {
			isa = XCBuildConfiguration;
			buildSettings = {
				ALWAYS_EMBED_SWIFT_STANDARD_LIBRARIES = YES;
				BUNDLE_LOADER = "$(TEST_HOST)";
				CODE_SIGN_STYLE = Automatic;
				DEVELOPMENT_TEAM = S9436V8M42;
				INFOPLIST_FILE = GroupProjectTests/Info.plist;
				LD_RUNPATH_SEARCH_PATHS = (
					"$(inherited)",
					"@executable_path/Frameworks",
					"@loader_path/Frameworks",
				);
				PRODUCT_BUNDLE_IDENTIFIER = CMSC436.GroupProjectTests;
				PRODUCT_NAME = "$(TARGET_NAME)";
				SWIFT_VERSION = 5.0;
				TARGETED_DEVICE_FAMILY = "1,2";
				TEST_HOST = "$(BUILT_PRODUCTS_DIR)/GroupProject.app/GroupProject";
			};
			name = Debug;
		};
		209A55042268D943009A5BF5 /* Release */ = {
			isa = XCBuildConfiguration;
			buildSettings = {
				ALWAYS_EMBED_SWIFT_STANDARD_LIBRARIES = YES;
				BUNDLE_LOADER = "$(TEST_HOST)";
				CODE_SIGN_STYLE = Automatic;
				DEVELOPMENT_TEAM = S9436V8M42;
				INFOPLIST_FILE = GroupProjectTests/Info.plist;
				LD_RUNPATH_SEARCH_PATHS = (
					"$(inherited)",
					"@executable_path/Frameworks",
					"@loader_path/Frameworks",
				);
				PRODUCT_BUNDLE_IDENTIFIER = CMSC436.GroupProjectTests;
				PRODUCT_NAME = "$(TARGET_NAME)";
				SWIFT_VERSION = 5.0;
				TARGETED_DEVICE_FAMILY = "1,2";
				TEST_HOST = "$(BUILT_PRODUCTS_DIR)/GroupProject.app/GroupProject";
			};
			name = Release;
		};
		209A55062268D943009A5BF5 /* Debug */ = {
			isa = XCBuildConfiguration;
			buildSettings = {
				ALWAYS_EMBED_SWIFT_STANDARD_LIBRARIES = YES;
				CODE_SIGN_STYLE = Automatic;
				DEVELOPMENT_TEAM = S9436V8M42;
				INFOPLIST_FILE = GroupProjectUITests/Info.plist;
				LD_RUNPATH_SEARCH_PATHS = (
					"$(inherited)",
					"@executable_path/Frameworks",
					"@loader_path/Frameworks",
				);
				PRODUCT_BUNDLE_IDENTIFIER = CMSC436.GroupProjectUITests;
				PRODUCT_NAME = "$(TARGET_NAME)";
				SWIFT_VERSION = 5.0;
				TARGETED_DEVICE_FAMILY = "1,2";
				TEST_TARGET_NAME = GroupProject;
			};
			name = Debug;
		};
		209A55072268D943009A5BF5 /* Release */ = {
			isa = XCBuildConfiguration;
			buildSettings = {
				ALWAYS_EMBED_SWIFT_STANDARD_LIBRARIES = YES;
				CODE_SIGN_STYLE = Automatic;
				DEVELOPMENT_TEAM = S9436V8M42;
				INFOPLIST_FILE = GroupProjectUITests/Info.plist;
				LD_RUNPATH_SEARCH_PATHS = (
					"$(inherited)",
					"@executable_path/Frameworks",
					"@loader_path/Frameworks",
				);
				PRODUCT_BUNDLE_IDENTIFIER = CMSC436.GroupProjectUITests;
				PRODUCT_NAME = "$(TARGET_NAME)";
				SWIFT_VERSION = 5.0;
				TARGETED_DEVICE_FAMILY = "1,2";
				TEST_TARGET_NAME = GroupProject;
			};
			name = Release;
		};
/* End XCBuildConfiguration section */

/* Begin XCConfigurationList section */
		209A54D22268D941009A5BF5 /* Build configuration list for PBXProject "GroupProject" */ = {
			isa = XCConfigurationList;
			buildConfigurations = (
				209A54FD2268D943009A5BF5 /* Debug */,
				209A54FE2268D943009A5BF5 /* Release */,
			);
			defaultConfigurationIsVisible = 0;
			defaultConfigurationName = Release;
		};
		209A54FF2268D943009A5BF5 /* Build configuration list for PBXNativeTarget "GroupProject" */ = {
			isa = XCConfigurationList;
			buildConfigurations = (
				209A55002268D943009A5BF5 /* Debug */,
				209A55012268D943009A5BF5 /* Release */,
			);
			defaultConfigurationIsVisible = 0;
			defaultConfigurationName = Release;
		};
		209A55022268D943009A5BF5 /* Build configuration list for PBXNativeTarget "GroupProjectTests" */ = {
			isa = XCConfigurationList;
			buildConfigurations = (
				209A55032268D943009A5BF5 /* Debug */,
				209A55042268D943009A5BF5 /* Release */,
			);
			defaultConfigurationIsVisible = 0;
			defaultConfigurationName = Release;
		};
		209A55052268D943009A5BF5 /* Build configuration list for PBXNativeTarget "GroupProjectUITests" */ = {
			isa = XCConfigurationList;
			buildConfigurations = (
				209A55062268D943009A5BF5 /* Debug */,
				209A55072268D943009A5BF5 /* Release */,
			);
			defaultConfigurationIsVisible = 0;
			defaultConfigurationName = Release;
		};
/* End XCConfigurationList section */
	};
	rootObject = 209A54CF2268D941009A5BF5 /* Project object */;
}
